<?xml version="1.0" encoding="utf-8"?>
<Project ToolsVersion="4.0" xmlns="http://schemas.microsoft.com/developer/msbuild/2003">
  <ItemGroup>
    <ClCompile Include="main.cpp" />
    <ClCompile Include="..\third party\imgui\imgui.cpp">
      <Filter>Third Party\Imgui</Filter>
    </ClCompile>
    <ClCompile Include="..\third party\imgui\imgui_draw.cpp">
      <Filter>Third Party\Imgui</Filter>
    </ClCompile>
    <ClCompile Include="..\third party\imgui\backends\imgui_impl_opengl3.cpp">
      <Filter>Third Party\Imgui\Backends</Filter>
    </ClCompile>
    <ClCompile Include="..\third party\imgui\backends\imgui_impl_sdl2.cpp">
      <Filter>Third Party\Imgui\Backends</Filter>
    </ClCompile>
    <ClCompile Include="..\third party\imgui\imgui_tables.cpp">
      <Filter>Third Party\Imgui</Filter>
    </ClCompile>
    <ClCompile Include="..\third party\imgui\imgui_widgets.cpp">
      <Filter>Third Party\Imgui</Filter>
    </ClCompile>
    <ClCompile Include="..\third party\imgui\file\ImGuiFileDialog.cpp">
      <Filter>Third Party\Imgui\File</Filter>
    </ClCompile>
    <ClCompile Include="MMC1.cpp">
      <Filter>Core\NES\Mappers</Filter>
    </ClCompile>
    <ClCompile Include="MMC2Mapper.cpp">
      <Filter>Core\NES\Mappers</Filter>
    </ClCompile>
    <ClCompile Include="MMC3.cpp">
      <Filter>Core\NES\Mappers</Filter>
    </ClCompile>
    <ClCompile Include="DxROM.cpp">
      <Filter>Core\NES\Mappers</Filter>
    </ClCompile>
    <ClCompile Include="UxROMMapper.cpp">
      <Filter>Core\NES\Mappers</Filter>
    </ClCompile>
    <ClCompile Include="AxROMMapper.cpp">
      <Filter>Core\NES\Mappers</Filter>
    </ClCompile>
    <ClCompile Include="CNROM.cpp">
      <Filter>Core\NES\Mappers</Filter>
    </ClCompile>
    <ClCompile Include="MapperBase.cpp">
      <Filter>Core\NES\Mappers</Filter>
    </ClCompile>
    <ClCompile Include="Mapper.cpp">
      <Filter>Core\NES\Mappers</Filter>
    </ClCompile>
    <ClCompile Include="NROM.cpp">
      <Filter>Core\NES\Mappers</Filter>
    </ClCompile>
    <ClCompile Include="Bus.cpp">
      <Filter>Core\NES</Filter>
    </ClCompile>
    <ClCompile Include="NesCpu.cpp">
      <Filter>Core\NES</Filter>
    </ClCompile>
    <ClCompile Include="Nes.cpp">
      <Filter>Core\NES</Filter>
    </ClCompile>
    <ClCompile Include="PPU.cpp">
      <Filter>Core\NES</Filter>
    </ClCompile>
    <ClCompile Include="RendererLoopy.cpp">
      <Filter>Core\NES</Filter>
    </ClCompile>
    <ClCompile Include="AudioBackend.cpp">
      <Filter>Core\Shared</Filter>
    </ClCompile>
    <ClCompile Include="AudioMapper.cpp">
      <Filter>Core\NES</Filter>
    </ClCompile>
    <ClCompile Include="Cartridge.cpp">
      <Filter>Core\NES</Filter>
    </ClCompile>
    <ClCompile Include="Core.cpp">
      <Filter>UI</Filter>
    </ClCompile>
    <ClCompile Include="SDL_UI.cpp">
      <Filter>UI</Filter>
    </ClCompile>
    <ClCompile Include="PPUViewer.cpp">
      <Filter>UI</Filter>
    </ClCompile>
    <ClCompile Include="EmulatorCore.cpp">
      <Filter>Core\Shared</Filter>
    </ClCompile>
    <ClCompile Include="InputMappers.cpp">
      <Filter>Core\NES</Filter>
    </ClCompile>
    <ClCompile Include="Serializer.cpp">
      <Filter>Core\Shared</Filter>
    </ClCompile>
    <ClCompile Include="INESLoader.cpp">
      <Filter>Core\NES</Filter>
    </ClCompile>
    <ClCompile Include="HexViewer.cpp">
      <Filter>UI</Filter>
    </ClCompile>
    <ClCompile Include="Input.cpp">
      <Filter>Core\NES</Filter>
    </ClCompile>
    <ClCompile Include="DebuggerContext.cpp">
      <Filter>Core\NES</Filter>
    </ClCompile>
    <ClCompile Include="DebuggerUI.cpp">
      <Filter>UI</Filter>
    </ClCompile>
    <ClCompile Include="SharedContext.cpp">
      <Filter>Core\Shared</Filter>
    </ClCompile>
  </ItemGroup>
  <ItemGroup>
    <ClInclude Include="AudioRingBuffer.h" />
    <ClInclude Include="DebuggerUI.h" />
    <ClInclude Include="main.h" />
    <ClInclude Include="resource.h" />
    <ClInclude Include="..\third party\imgui\imgui.h">
      <Filter>Third Party\Imgui</Filter>
    </ClInclude>
    <ClInclude Include="..\third party\imgui\imconfig.h">
      <Filter>Third Party\Imgui</Filter>
    </ClInclude>
    <ClInclude Include="..\third party\imgui\backends\imgui_impl_opengl3.h">
      <Filter>Third Party\Imgui\Backends</Filter>
    </ClInclude>
    <ClInclude Include="..\third party\imgui\backends\imgui_impl_opengl3_loader.h">
      <Filter>Third Party\Imgui\Backends</Filter>
    </ClInclude>
    <ClInclude Include="..\third party\imgui\backends\imgui_impl_sdl2.h">
      <Filter>Third Party\Imgui\Backends</Filter>
    </ClInclude>
    <ClInclude Include="..\third party\imgui\imgui_internal.h">
      <Filter>Third Party\Imgui</Filter>
    </ClInclude>
    <ClInclude Include="..\third party\imgui\file\ImGuiFileDialog.h">
      <Filter>Third Party\Imgui\File</Filter>
    </ClInclude>
    <ClInclude Include="..\third party\imgui\file\ImGuiFileDialogConfig.h">
      <Filter>Third Party\Imgui\File</Filter>
    </ClInclude>
    <ClInclude Include="..\third party\imgui\imstb_rectpack.h">
      <Filter>Third Party\Imgui</Filter>
    </ClInclude>
    <ClInclude Include="..\third party\imgui\imstb_textedit.h">
      <Filter>Third Party\Imgui</Filter>
    </ClInclude>
    <ClInclude Include="..\third party\imgui\imstb_truetype.h">
      <Filter>Third Party\Imgui</Filter>
    </ClInclude>
    <ClInclude Include="MMC1.h">
      <Filter>Core\NES\Mappers</Filter>
    </ClInclude>
    <ClInclude Include="MMC2Mapper.h">
      <Filter>Core\NES\Mappers</Filter>
    </ClInclude>
    <ClInclude Include="MMC3.h">
      <Filter>Core\NES\Mappers</Filter>
    </ClInclude>
    <ClInclude Include="DxROM.h">
      <Filter>Core\NES\Mappers</Filter>
    </ClInclude>
    <ClInclude Include="UxROMMapper.h">
      <Filter>Core\NES\Mappers</Filter>
    </ClInclude>
    <ClInclude Include="AxROMMapper.h">
      <Filter>Core\NES\Mappers</Filter>
    </ClInclude>
    <ClInclude Include="CNROM.h">
      <Filter>Core\NES\Mappers</Filter>
    </ClInclude>
    <ClInclude Include="Mapper.h">
      <Filter>Core\NES\Mappers</Filter>
    </ClInclude>
    <ClInclude Include="NROM.h">
      <Filter>Core\NES\Mappers</Filter>
    </ClInclude>
    <ClInclude Include="A12Mapper.h">
      <Filter>Core\NES\Mappers</Filter>
    </ClInclude>
    <ClInclude Include="..\third party\imgui\file\dirent\dirent.h">
      <Filter>Third Party\Imgui\File</Filter>
    </ClInclude>
    <ClInclude Include="MapperBase.h">
      <Filter>Core\NES\Mappers</Filter>
    </ClInclude>
    <ClInclude Include="Bus.h">
      <Filter>Core\NES</Filter>
    </ClInclude>
    <ClInclude Include="NesCpu.h">
      <Filter>Core\NES</Filter>
    </ClInclude>
    <ClInclude Include="Nes.h">
      <Filter>Core\NES</Filter>
    </ClInclude>
    <ClInclude Include="PPU.h">
      <Filter>Core\NES</Filter>
    </ClInclude>
    <ClInclude Include="RendererLoopy.h">
      <Filter>Core\NES</Filter>
    </ClInclude>
    <ClInclude Include="AudioBackend.h">
      <Filter>Core\Shared</Filter>
    </ClInclude>
    <ClInclude Include="APU.h">
      <Filter>Core\NES</Filter>
    </ClInclude>
    <ClInclude Include="AudioMapper.h">
      <Filter>Core\NES</Filter>
    </ClInclude>
    <ClInclude Include="Cartridge.h">
      <Filter>Core\NES</Filter>
    </ClInclude>
    <ClInclude Include="Core.h">
      <Filter>UI</Filter>
    </ClInclude>
    <ClInclude Include="SDL_UI.h">
      <Filter>UI</Filter>
    </ClInclude>
    <ClInclude Include="PPUViewer.h">
      <Filter>UI</Filter>
    </ClInclude>
    <ClInclude Include="EmulatorCore.h">
      <Filter>Core\Shared</Filter>
    </ClInclude>
    <ClInclude Include="InputMappers.h">
      <Filter>Core\NES</Filter>
    </ClInclude>
    <ClInclude Include="MemoryMapper.h">
      <Filter>Core\NES</Filter>
    </ClInclude>
    <ClInclude Include="OpenBusMapper.h">
      <Filter>Core\NES</Filter>
    </ClInclude>
    <ClInclude Include="Serializer.h">
      <Filter>Core\Shared</Filter>
    </ClInclude>
    <ClInclude Include="MemoryBuffer.h">
      <Filter>Core\Shared</Filter>
    </ClInclude>
    <ClInclude Include="INESLoader.h">
      <Filter>Core\NES</Filter>
    </ClInclude>
    <ClInclude Include="HexViewer.h">
      <Filter>UI</Filter>
    </ClInclude>
    <ClInclude Include="Input.h">
      <Filter>Core\NES</Filter>
    </ClInclude>
    <ClInclude Include="CommandQueue.h">
      <Filter>Core\Shared</Filter>
    </ClInclude>
    <ClInclude Include="DebuggerContext.h">
      <Filter>Core\NES</Filter>
    </ClInclude>
    <ClInclude Include="RAMMapper.h">
      <Filter>Core\NES</Filter>
    </ClInclude>
    <ClInclude Include="SharedContext.h">
      <Filter>Core\Shared</Filter>
    </ClInclude>
  </ItemGroup>
  <ItemGroup>
    <ResourceCompile Include="BlueNES.rc" />
  </ItemGroup>
  <ItemGroup>
    <Image Include="..\..\..\..\..\Downloads\icons8-play-50.png" />
    <Image Include="Images\empty-circle.png" />
    <Image Include="Images\filled-circle.png" />
    <Image Include="Images\pause.png" />
    <Image Include="Images\play.png" />
    <Image Include="toolbar1.bmp" />
  </ItemGroup>
  <ItemGroup>
    <None Include="..\..\readme.md" />
  </ItemGroup>
  <ItemGroup>
    <Filter Include="Third Party">
      <UniqueIdentifier>{cec71338-4a04-4ea6-98ba-7be5a4903981}</UniqueIdentifier>
    </Filter>
    <Filter Include="Third Party\Imgui">
      <UniqueIdentifier>{65d081d5-509f-424b-b521-bf4d51425aa6}</UniqueIdentifier>
    </Filter>
    <Filter Include="Third Party\Imgui\Backends">
      <UniqueIdentifier>{114b54f2-7fb3-4259-a414-42e6b3c89b94}</UniqueIdentifier>
    </Filter>
    <Filter Include="Third Party\Imgui\File">
      <UniqueIdentifier>{f6a1db36-5e8c-4d33-a401-9e682c81ae04}</UniqueIdentifier>
    </Filter>
    <Filter Include="UI">
      <UniqueIdentifier>{65ea2550-b094-48de-b9d1-c348ca86df47}</UniqueIdentifier>
    </Filter>
    <Filter Include="Core">
      <UniqueIdentifier>{6e2ece9e-1586-425c-97af-28a46ec9b564}</UniqueIdentifier>
    </Filter>
    <Filter Include="Core\NES">
      <UniqueIdentifier>{7698c6aa-3b47-438e-a4be-b4482a6c15cb}</UniqueIdentifier>
    </Filter>
    <Filter Include="Core\Shared">
      <UniqueIdentifier>{77e57fca-b190-4334-91bc-a40a8c0462af}</UniqueIdentifier>
    </Filter>
    <Filter Include="Core\NES\Mappers">
      <UniqueIdentifier>{bb9fe524-da3a-4ab8-bc16-bc5684f68736}</UniqueIdentifier>
    </Filter>
  </ItemGroup>
</Project>